
Microsoft Visual Studio Solution File, Format Version 12.00
# Visual Studio 15
VisualStudioVersion = 15.0.28307.779
MinimumVisualStudioVersion = 10.0.40219.1
Project("{FAE04EC0-301F-11D3-BF4B-00C04F79EFBC}") = "ListExercise3AddColors", "ListExercise3AddColors\ListExercise3AddColors.csproj", "{592DAB6B-AC2F-4BAE-A86A-BACD1C098E97}"
EndProject
Global
	GlobalSection(SolutionConfigurationPlatforms) = preSolution
		Debug|Any CPU = Debug|Any CPU
		Release|Any CPU = Release|Any CPU
	EndGlobalSection
	GlobalSection(ProjectConfigurationPlatforms) = postSolution
		{592DAB6B-AC2F-4BAE-A86A-BACD1C098E97}.Debug|Any CPU.ActiveCfg = Debug|Any CPU
		{592DAB6B-AC2F-4BAE-A86A-BACD1C098E97}.Debug|Any CPU.Build.0 = Debug|Any CPU
		{592DAB6B-AC2F-4BAE-A86A-BACD1C098E97}.Release|Any CPU.ActiveCfg = Release|Any CPU
		{592DAB6B-AC2F-4BAE-A86A-BACD1C098E97}.Release|Any CPU.Build.0 = Release|Any CPU
	EndGlobalSection
	GlobalSection(SolutionProperties) = preSolution
		HideSolutionNode = FALSE
	EndGlobalSection
	GlobalSection(ExtensibilityGlobals) = postSolution
		SolutionGuid = {5BEF00D3-5B29-467D-A312-5D624AFB6917}
	EndGlobalSection
EndGlobal
