
Microsoft Visual Studio Solution File, Format Version 12.00
# Visual Studio 15
VisualStudioVersion = 15.0.28307.779
MinimumVisualStudioVersion = 10.0.40219.1
Project("{FAE04EC0-301F-11D3-BF4B-00C04F79EFBC}") = "GrabbleGame", "GrabbleGame\GrabbleGame.csproj", "{B0C1B42E-C164-4068-8B19-E860402CDA30}"
EndProject
Global
	GlobalSection(SolutionConfigurationPlatforms) = preSolution
		Debug|Any CPU = Debug|Any CPU
		Release|Any CPU = Release|Any CPU
	EndGlobalSection
	GlobalSection(ProjectConfigurationPlatforms) = postSolution
		{B0C1B42E-C164-4068-8B19-E860402CDA30}.Debug|Any CPU.ActiveCfg = Debug|Any CPU
		{B0C1B42E-C164-4068-8B19-E860402CDA30}.Debug|Any CPU.Build.0 = Debug|Any CPU
		{B0C1B42E-C164-4068-8B19-E860402CDA30}.Release|Any CPU.ActiveCfg = Release|Any CPU
		{B0C1B42E-C164-4068-8B19-E860402CDA30}.Release|Any CPU.Build.0 = Release|Any CPU
	EndGlobalSection
	GlobalSection(SolutionProperties) = preSolution
		HideSolutionNode = FALSE
	EndGlobalSection
	GlobalSection(ExtensibilityGlobals) = postSolution
		SolutionGuid = {A0CE0153-BA1C-45D7-B168-2F8F72EC47FE}
	EndGlobalSection
EndGlobal
