
Microsoft Visual Studio Solution File, Format Version 12.00
# Visual Studio 15
VisualStudioVersion = 15.0.28307.779
MinimumVisualStudioVersion = 10.0.40219.1
Project("{FAE04EC0-301F-11D3-BF4B-00C04F79EFBC}") = "DriveFunProgram", "DriveFunProgram\DriveFunProgram.csproj", "{AA2CA396-832F-4039-A2E9-D246246C02CB}"
EndProject
Global
	GlobalSection(SolutionConfigurationPlatforms) = preSolution
		Debug|Any CPU = Debug|Any CPU
		Release|Any CPU = Release|Any CPU
	EndGlobalSection
	GlobalSection(ProjectConfigurationPlatforms) = postSolution
		{AA2CA396-832F-4039-A2E9-D246246C02CB}.Debug|Any CPU.ActiveCfg = Debug|Any CPU
		{AA2CA396-832F-4039-A2E9-D246246C02CB}.Debug|Any CPU.Build.0 = Debug|Any CPU
		{AA2CA396-832F-4039-A2E9-D246246C02CB}.Release|Any CPU.ActiveCfg = Release|Any CPU
		{AA2CA396-832F-4039-A2E9-D246246C02CB}.Release|Any CPU.Build.0 = Release|Any CPU
	EndGlobalSection
	GlobalSection(SolutionProperties) = preSolution
		HideSolutionNode = FALSE
	EndGlobalSection
	GlobalSection(ExtensibilityGlobals) = postSolution
		SolutionGuid = {04D6CB88-F082-48A4-B549-838AEE0F0F50}
	EndGlobalSection
EndGlobal
