
Microsoft Visual Studio Solution File, Format Version 12.00
# Visual Studio 15
VisualStudioVersion = 15.0.28307.779
MinimumVisualStudioVersion = 10.0.40219.1
Project("{FAE04EC0-301F-11D3-BF4B-00C04F79EFBC}") = "IntegerSquares", "IntegerSquares\IntegerSquares.csproj", "{0B59C03B-5C44-4B54-9A7B-0B6BD9B06AB0}"
EndProject
Global
	GlobalSection(SolutionConfigurationPlatforms) = preSolution
		Debug|Any CPU = Debug|Any CPU
		Release|Any CPU = Release|Any CPU
	EndGlobalSection
	GlobalSection(ProjectConfigurationPlatforms) = postSolution
		{0B59C03B-5C44-4B54-9A7B-0B6BD9B06AB0}.Debug|Any CPU.ActiveCfg = Debug|Any CPU
		{0B59C03B-5C44-4B54-9A7B-0B6BD9B06AB0}.Debug|Any CPU.Build.0 = Debug|Any CPU
		{0B59C03B-5C44-4B54-9A7B-0B6BD9B06AB0}.Release|Any CPU.ActiveCfg = Release|Any CPU
		{0B59C03B-5C44-4B54-9A7B-0B6BD9B06AB0}.Release|Any CPU.Build.0 = Release|Any CPU
	EndGlobalSection
	GlobalSection(SolutionProperties) = preSolution
		HideSolutionNode = FALSE
	EndGlobalSection
	GlobalSection(ExtensibilityGlobals) = postSolution
		SolutionGuid = {398F3B70-328F-4554-8904-E331BC87B646}
	EndGlobalSection
EndGlobal
