
Microsoft Visual Studio Solution File, Format Version 12.00
# Visual Studio 15
VisualStudioVersion = 15.0.28307.779
MinimumVisualStudioVersion = 10.0.40219.1
Project("{FAE04EC0-301F-11D3-BF4B-00C04F79EFBC}") = "TopN", "TopN\TopN.csproj", "{8EC260A8-AC53-446E-AA9C-5D73ED3FDE72}"
EndProject
Global
	GlobalSection(SolutionConfigurationPlatforms) = preSolution
		Debug|Any CPU = Debug|Any CPU
		Release|Any CPU = Release|Any CPU
	EndGlobalSection
	GlobalSection(ProjectConfigurationPlatforms) = postSolution
		{8EC260A8-AC53-446E-AA9C-5D73ED3FDE72}.Debug|Any CPU.ActiveCfg = Debug|Any CPU
		{8EC260A8-AC53-446E-AA9C-5D73ED3FDE72}.Debug|Any CPU.Build.0 = Debug|Any CPU
		{8EC260A8-AC53-446E-AA9C-5D73ED3FDE72}.Release|Any CPU.ActiveCfg = Release|Any CPU
		{8EC260A8-AC53-446E-AA9C-5D73ED3FDE72}.Release|Any CPU.Build.0 = Release|Any CPU
	EndGlobalSection
	GlobalSection(SolutionProperties) = preSolution
		HideSolutionNode = FALSE
	EndGlobalSection
	GlobalSection(ExtensibilityGlobals) = postSolution
		SolutionGuid = {4F0BCC46-2E09-46A7-A839-6AA743605ED1}
	EndGlobalSection
EndGlobal
