
Microsoft Visual Studio Solution File, Format Version 12.00
# Visual Studio 15
VisualStudioVersion = 15.0.28307.779
MinimumVisualStudioVersion = 10.0.40219.1
Project("{FAE04EC0-301F-11D3-BF4B-00C04F79EFBC}") = "string and char activities", "string and char activities\string and char activities.csproj", "{5967EA63-506D-4338-8DCE-28BCEDC95365}"
EndProject
Global
	GlobalSection(SolutionConfigurationPlatforms) = preSolution
		Debug|Any CPU = Debug|Any CPU
		Release|Any CPU = Release|Any CPU
	EndGlobalSection
	GlobalSection(ProjectConfigurationPlatforms) = postSolution
		{5967EA63-506D-4338-8DCE-28BCEDC95365}.Debug|Any CPU.ActiveCfg = Debug|Any CPU
		{5967EA63-506D-4338-8DCE-28BCEDC95365}.Debug|Any CPU.Build.0 = Debug|Any CPU
		{5967EA63-506D-4338-8DCE-28BCEDC95365}.Release|Any CPU.ActiveCfg = Release|Any CPU
		{5967EA63-506D-4338-8DCE-28BCEDC95365}.Release|Any CPU.Build.0 = Release|Any CPU
	EndGlobalSection
	GlobalSection(SolutionProperties) = preSolution
		HideSolutionNode = FALSE
	EndGlobalSection
	GlobalSection(ExtensibilityGlobals) = postSolution
		SolutionGuid = {001E8CE6-3AD5-430C-BC7F-62EF0AC0B4A1}
	EndGlobalSection
EndGlobal
