
Microsoft Visual Studio Solution File, Format Version 12.00
# Visual Studio 15
VisualStudioVersion = 15.0.28307.779
MinimumVisualStudioVersion = 10.0.40219.1
Project("{FAE04EC0-301F-11D3-BF4B-00C04F79EFBC}") = "farmAnimals1.0", "farmAnimals1.0\farmAnimals1.0.csproj", "{55D3267E-3986-4076-93D2-67C372CC9CF9}"
EndProject
Global
	GlobalSection(SolutionConfigurationPlatforms) = preSolution
		Debug|Any CPU = Debug|Any CPU
		Release|Any CPU = Release|Any CPU
	EndGlobalSection
	GlobalSection(ProjectConfigurationPlatforms) = postSolution
		{55D3267E-3986-4076-93D2-67C372CC9CF9}.Debug|Any CPU.ActiveCfg = Debug|Any CPU
		{55D3267E-3986-4076-93D2-67C372CC9CF9}.Debug|Any CPU.Build.0 = Debug|Any CPU
		{55D3267E-3986-4076-93D2-67C372CC9CF9}.Release|Any CPU.ActiveCfg = Release|Any CPU
		{55D3267E-3986-4076-93D2-67C372CC9CF9}.Release|Any CPU.Build.0 = Release|Any CPU
	EndGlobalSection
	GlobalSection(SolutionProperties) = preSolution
		HideSolutionNode = FALSE
	EndGlobalSection
	GlobalSection(ExtensibilityGlobals) = postSolution
		SolutionGuid = {171E37CA-D3F2-4D7D-A68F-4E9FFD65765D}
	EndGlobalSection
EndGlobal
