
Microsoft Visual Studio Solution File, Format Version 12.00
# Visual Studio 15
VisualStudioVersion = 15.0.28307.779
MinimumVisualStudioVersion = 10.0.40219.1
Project("{FAE04EC0-301F-11D3-BF4B-00C04F79EFBC}") = "Polygon", "Polygon\Polygon.csproj", "{96AB03D4-0314-426A-99C6-DCE93ACF32FF}"
EndProject
Global
	GlobalSection(SolutionConfigurationPlatforms) = preSolution
		Debug|Any CPU = Debug|Any CPU
		Release|Any CPU = Release|Any CPU
	EndGlobalSection
	GlobalSection(ProjectConfigurationPlatforms) = postSolution
		{96AB03D4-0314-426A-99C6-DCE93ACF32FF}.Debug|Any CPU.ActiveCfg = Debug|Any CPU
		{96AB03D4-0314-426A-99C6-DCE93ACF32FF}.Debug|Any CPU.Build.0 = Debug|Any CPU
		{96AB03D4-0314-426A-99C6-DCE93ACF32FF}.Release|Any CPU.ActiveCfg = Release|Any CPU
		{96AB03D4-0314-426A-99C6-DCE93ACF32FF}.Release|Any CPU.Build.0 = Release|Any CPU
	EndGlobalSection
	GlobalSection(SolutionProperties) = preSolution
		HideSolutionNode = FALSE
	EndGlobalSection
	GlobalSection(ExtensibilityGlobals) = postSolution
		SolutionGuid = {2BCC86BA-E168-45AB-B9B4-BED54220375D}
	EndGlobalSection
EndGlobal
